
Microsoft Visual Studio Solution File, Format Version 12.00
# Visual Studio Version 16
VisualStudioVersion = 16.0.29905.134
MinimumVisualStudioVersion = 10.0.40219.1
Project("{FAE04EC0-301F-11D3-BF4B-00C04F79EFBC}") = "Sacrament_final", "Sacrament_final\Sacrament_final.csproj", "{DDE0E984-3B95-442F-8535-5D9C02C6C091}"
EndProject
Global
	GlobalSection(SolutionConfigurationPlatforms) = preSolution
		Debug|Any CPU = Debug|Any CPU
		Release|Any CPU = Release|Any CPU
	EndGlobalSection
	GlobalSection(ProjectConfigurationPlatforms) = postSolution
		{DDE0E984-3B95-442F-8535-5D9C02C6C091}.Debug|Any CPU.ActiveCfg = Debug|Any CPU
		{DDE0E984-3B95-442F-8535-5D9C02C6C091}.Debug|Any CPU.Build.0 = Debug|Any CPU
		{DDE0E984-3B95-442F-8535-5D9C02C6C091}.Release|Any CPU.ActiveCfg = Release|Any CPU
		{DDE0E984-3B95-442F-8535-5D9C02C6C091}.Release|Any CPU.Build.0 = Release|Any CPU
	EndGlobalSection
	GlobalSection(SolutionProperties) = preSolution
		HideSolutionNode = FALSE
	EndGlobalSection
	GlobalSection(ExtensibilityGlobals) = postSolution
		SolutionGuid = {2855B1D8-6270-43CF-9A0A-FFBA09F9FF4D}
	EndGlobalSection
EndGlobal
